// !$*UTF8*$!
{
	archiveVersion = 1;
	classes = {
	};
	objectVersion = 56;
	objects = {

/* Begin PBXBuildFile section */
		29FF59BCCEFFF6211E4550FE /* Pods_self_ios_sample.framework in Frameworks */ = {isa = PBXBuildFile; fileRef = 49D847EE0A3E72BF854CA66C /* Pods_self_ios_sample.framework */; };
		634907DE2BAC414B00BE8D18 /* SSSSwift in Frameworks */ = {isa = PBXBuildFile; productRef = 634907DD2BAC414B00BE8D18 /* SSSSwift */; };
		634907E12BAC451F00BE8D18 /* ZIPFoundation in Frameworks */ = {isa = PBXBuildFile; productRef = 634907E02BAC451F00BE8D18 /* ZIPFoundation */; };
		637BB8332ACC1C1800A304A1 /* ChatView.swift in Sources */ = {isa = PBXBuildFile; fileRef = 637BB8322ACC1C1800A304A1 /* ChatView.swift */; };
		637BB8352ACC290400A304A1 /* ChatRow.swift in Sources */ = {isa = PBXBuildFile; fileRef = 637BB8342ACC290400A304A1 /* ChatRow.swift */; };
		637BB8382ACC293800A304A1 /* MessageModelSample.swift in Sources */ = {isa = PBXBuildFile; fileRef = 637BB8372ACC293800A304A1 /* MessageModelSample.swift */; };
		637BB83A2ACC295800A304A1 /* ChatViewModel.swift in Sources */ = {isa = PBXBuildFile; fileRef = 637BB8392ACC295800A304A1 /* ChatViewModel.swift */; };
		714414402AA97127002EF2CA /* PermissionHelper.swift in Sources */ = {isa = PBXBuildFile; fileRef = 7144143F2AA97127002EF2CA /* PermissionHelper.swift */; };
		714414422AA971B0002EF2CA /* SelfError.swift in Sources */ = {isa = PBXBuildFile; fileRef = 714414412AA971B0002EF2CA /* SelfError.swift */; };
		714414442AA971F7002EF2CA /* DialogHelper.swift in Sources */ = {isa = PBXBuildFile; fileRef = 714414432AA971F7002EF2CA /* DialogHelper.swift */; };
		714C43562AA85D7300F1BAEF /* AppDelegate.swift in Sources */ = {isa = PBXBuildFile; fileRef = 714C43552AA85D7300F1BAEF /* AppDelegate.swift */; };
		714C43582AA85D7300F1BAEF /* SceneDelegate.swift in Sources */ = {isa = PBXBuildFile; fileRef = 714C43572AA85D7300F1BAEF /* SceneDelegate.swift */; };
		714C435A2AA85D7300F1BAEF /* ViewController.swift in Sources */ = {isa = PBXBuildFile; fileRef = 714C43592AA85D7300F1BAEF /* ViewController.swift */; };
		714C435D2AA85D7300F1BAEF /* Main.storyboard in Resources */ = {isa = PBXBuildFile; fileRef = 714C435B2AA85D7300F1BAEF /* Main.storyboard */; };
		714C435F2AA85D7400F1BAEF /* Assets.xcassets in Resources */ = {isa = PBXBuildFile; fileRef = 714C435E2AA85D7400F1BAEF /* Assets.xcassets */; };
		714C43622AA85D7400F1BAEF /* LaunchScreen.storyboard in Resources */ = {isa = PBXBuildFile; fileRef = 714C43602AA85D7400F1BAEF /* LaunchScreen.storyboard */; };
		714C43752AA8667600F1BAEF /* LivenessCheckViewController.swift in Sources */ = {isa = PBXBuildFile; fileRef = 714C43742AA8667600F1BAEF /* LivenessCheckViewController.swift */; };
		714C43862AA8855700F1BAEF /* Localizable.strings in Resources */ = {isa = PBXBuildFile; fileRef = 714C43882AA8855700F1BAEF /* Localizable.strings */; };
		714C438A2AA8869300F1BAEF /* Extensions.swift in Sources */ = {isa = PBXBuildFile; fileRef = 714C43892AA8869300F1BAEF /* Extensions.swift */; };
		714C438C2AA8872000F1BAEF /* EZSwiftFunctions.swift in Sources */ = {isa = PBXBuildFile; fileRef = 714C438B2AA8872000F1BAEF /* EZSwiftFunctions.swift */; };
		714C43942AA88DDD00F1BAEF /* UIUtilities.swift in Sources */ = {isa = PBXBuildFile; fileRef = 714C43932AA88DDD00F1BAEF /* UIUtilities.swift */; };
		714C43962AA897F400F1BAEF /* AppStoryboard.swift in Sources */ = {isa = PBXBuildFile; fileRef = 714C43952AA897F400F1BAEF /* AppStoryboard.swift */; };
/* End PBXBuildFile section */

/* Begin PBXCopyFilesBuildPhase section */
		714C43812AA86AA900F1BAEF /* Embed Frameworks */ = {
			isa = PBXCopyFilesBuildPhase;
			buildActionMask = 2147483647;
			dstPath = "";
			dstSubfolderSpec = 10;
			files = (
			);
			name = "Embed Frameworks";
			runOnlyForDeploymentPostprocessing = 0;
		};
/* End PBXCopyFilesBuildPhase section */

/* Begin PBXFileReference section */
		49D847EE0A3E72BF854CA66C /* Pods_self_ios_sample.framework */ = {isa = PBXFileReference; explicitFileType = wrapper.framework; includeInIndex = 0; path = Pods_self_ios_sample.framework; sourceTree = BUILT_PRODUCTS_DIR; };
		637BB8322ACC1C1800A304A1 /* ChatView.swift */ = {isa = PBXFileReference; lastKnownFileType = sourcecode.swift; path = ChatView.swift; sourceTree = "<group>"; };
		637BB8342ACC290400A304A1 /* ChatRow.swift */ = {isa = PBXFileReference; lastKnownFileType = sourcecode.swift; path = ChatRow.swift; sourceTree = "<group>"; };
		637BB8372ACC293800A304A1 /* MessageModelSample.swift */ = {isa = PBXFileReference; lastKnownFileType = sourcecode.swift; path = MessageModelSample.swift; sourceTree = "<group>"; };
		637BB8392ACC295800A304A1 /* ChatViewModel.swift */ = {isa = PBXFileReference; lastKnownFileType = sourcecode.swift; path = ChatViewModel.swift; sourceTree = "<group>"; };
		7144143F2AA97127002EF2CA /* PermissionHelper.swift */ = {isa = PBXFileReference; lastKnownFileType = sourcecode.swift; path = PermissionHelper.swift; sourceTree = "<group>"; };
		714414412AA971B0002EF2CA /* SelfError.swift */ = {isa = PBXFileReference; lastKnownFileType = sourcecode.swift; path = SelfError.swift; sourceTree = "<group>"; };
		714414432AA971F7002EF2CA /* DialogHelper.swift */ = {isa = PBXFileReference; lastKnownFileType = sourcecode.swift; path = DialogHelper.swift; sourceTree = "<group>"; };
		7144144A2AA97A47002EF2CA /* Info.plist */ = {isa = PBXFileReference; fileEncoding = 4; lastKnownFileType = text.plist.xml; path = Info.plist; sourceTree = "<group>"; };
		714C43522AA85D7300F1BAEF /* self-ios-sample.app */ = {isa = PBXFileReference; explicitFileType = wrapper.application; includeInIndex = 0; path = "self-ios-sample.app"; sourceTree = BUILT_PRODUCTS_DIR; };
		714C43552AA85D7300F1BAEF /* AppDelegate.swift */ = {isa = PBXFileReference; lastKnownFileType = sourcecode.swift; path = AppDelegate.swift; sourceTree = "<group>"; };
		714C43572AA85D7300F1BAEF /* SceneDelegate.swift */ = {isa = PBXFileReference; lastKnownFileType = sourcecode.swift; path = SceneDelegate.swift; sourceTree = "<group>"; };
		714C43592AA85D7300F1BAEF /* ViewController.swift */ = {isa = PBXFileReference; lastKnownFileType = sourcecode.swift; path = ViewController.swift; sourceTree = "<group>"; };
		714C435C2AA85D7300F1BAEF /* Base */ = {isa = PBXFileReference; lastKnownFileType = file.storyboard; name = Base; path = Base.lproj/Main.storyboard; sourceTree = "<group>"; };
		714C435E2AA85D7400F1BAEF /* Assets.xcassets */ = {isa = PBXFileReference; lastKnownFileType = folder.assetcatalog; path = Assets.xcassets; sourceTree = "<group>"; };
		714C43612AA85D7400F1BAEF /* Base */ = {isa = PBXFileReference; lastKnownFileType = file.storyboard; name = Base; path = Base.lproj/LaunchScreen.storyboard; sourceTree = "<group>"; };
		714C43742AA8667600F1BAEF /* LivenessCheckViewController.swift */ = {isa = PBXFileReference; fileEncoding = 4; lastKnownFileType = sourcecode.swift; path = LivenessCheckViewController.swift; sourceTree = "<group>"; };
		714C43872AA8855700F1BAEF /* en */ = {isa = PBXFileReference; lastKnownFileType = text.plist.strings; name = en; path = en.lproj/Localizable.strings; sourceTree = "<group>"; };
		714C43892AA8869300F1BAEF /* Extensions.swift */ = {isa = PBXFileReference; lastKnownFileType = sourcecode.swift; path = Extensions.swift; sourceTree = "<group>"; };
		714C438B2AA8872000F1BAEF /* EZSwiftFunctions.swift */ = {isa = PBXFileReference; fileEncoding = 4; lastKnownFileType = sourcecode.swift; path = EZSwiftFunctions.swift; sourceTree = "<group>"; };
		714C43932AA88DDD00F1BAEF /* UIUtilities.swift */ = {isa = PBXFileReference; lastKnownFileType = sourcecode.swift; path = UIUtilities.swift; sourceTree = "<group>"; };
		714C43952AA897F400F1BAEF /* AppStoryboard.swift */ = {isa = PBXFileReference; fileEncoding = 4; lastKnownFileType = sourcecode.swift; path = AppStoryboard.swift; sourceTree = "<group>"; };
		C3ABEF27CFFEB68A68C75C86 /* Pods-self-ios-sample.release.xcconfig */ = {isa = PBXFileReference; includeInIndex = 1; lastKnownFileType = text.xcconfig; name = "Pods-self-ios-sample.release.xcconfig"; path = "Target Support Files/Pods-self-ios-sample/Pods-self-ios-sample.release.xcconfig"; sourceTree = "<group>"; };
		E1DE877619E242E129EEF4DC /* Pods-self-ios-sample.debug.xcconfig */ = {isa = PBXFileReference; includeInIndex = 1; lastKnownFileType = text.xcconfig; name = "Pods-self-ios-sample.debug.xcconfig"; path = "Target Support Files/Pods-self-ios-sample/Pods-self-ios-sample.debug.xcconfig"; sourceTree = "<group>"; };
/* End PBXFileReference section */

/* Begin PBXFrameworksBuildPhase section */
		714C434F2AA85D7300F1BAEF /* Frameworks */ = {
			isa = PBXFrameworksBuildPhase;
			buildActionMask = 2147483647;
			files = (
				634907DE2BAC414B00BE8D18 /* SSSSwift in Frameworks */,
				29FF59BCCEFFF6211E4550FE /* Pods_self_ios_sample.framework in Frameworks */,
				634907E12BAC451F00BE8D18 /* ZIPFoundation in Frameworks */,
			);
			runOnlyForDeploymentPostprocessing = 0;
		};
/* End PBXFrameworksBuildPhase section */

/* Begin PBXGroup section */
		51E51BFB5ED8D3A3888C6419 /* Frameworks */ = {
			isa = PBXGroup;
			children = (
				49D847EE0A3E72BF854CA66C /* Pods_self_ios_sample.framework */,
			);
			name = Frameworks;
			sourceTree = "<group>";
		};
		637BB8362ACC291700A304A1 /* Chats */ = {
			isa = PBXGroup;
			children = (
				637BB8322ACC1C1800A304A1 /* ChatView.swift */,
				637BB8392ACC295800A304A1 /* ChatViewModel.swift */,
				637BB8342ACC290400A304A1 /* ChatRow.swift */,
				637BB8372ACC293800A304A1 /* MessageModelSample.swift */,
			);
			path = Chats;
			sourceTree = "<group>";
		};
		714C43492AA85D7300F1BAEF = {
			isa = PBXGroup;
			children = (
				714C43542AA85D7300F1BAEF /* self-ios-sample */,
				714C43532AA85D7300F1BAEF /* Products */,
				C8E7978E74CDE22C5CE7E2E4 /* Pods */,
				51E51BFB5ED8D3A3888C6419 /* Frameworks */,
			);
			sourceTree = "<group>";
		};
		714C43532AA85D7300F1BAEF /* Products */ = {
			isa = PBXGroup;
			children = (
				714C43522AA85D7300F1BAEF /* self-ios-sample.app */,
			);
			name = Products;
			sourceTree = "<group>";
		};
		714C43542AA85D7300F1BAEF /* self-ios-sample */ = {
			isa = PBXGroup;
			children = (
				637BB8362ACC291700A304A1 /* Chats */,
				7144144A2AA97A47002EF2CA /* Info.plist */,
				714C43952AA897F400F1BAEF /* AppStoryboard.swift */,
				714C43742AA8667600F1BAEF /* LivenessCheckViewController.swift */,
				714C43552AA85D7300F1BAEF /* AppDelegate.swift */,
				714C43572AA85D7300F1BAEF /* SceneDelegate.swift */,
				714C43592AA85D7300F1BAEF /* ViewController.swift */,
				714C43892AA8869300F1BAEF /* Extensions.swift */,
				714C438B2AA8872000F1BAEF /* EZSwiftFunctions.swift */,
				714C435B2AA85D7300F1BAEF /* Main.storyboard */,
				714C435E2AA85D7400F1BAEF /* Assets.xcassets */,
				714C43602AA85D7400F1BAEF /* LaunchScreen.storyboard */,
				714C43882AA8855700F1BAEF /* Localizable.strings */,
				714C43932AA88DDD00F1BAEF /* UIUtilities.swift */,
				7144143F2AA97127002EF2CA /* PermissionHelper.swift */,
				714414412AA971B0002EF2CA /* SelfError.swift */,
				714414432AA971F7002EF2CA /* DialogHelper.swift */,
			);
			path = "self-ios-sample";
			sourceTree = "<group>";
		};
		C8E7978E74CDE22C5CE7E2E4 /* Pods */ = {
			isa = PBXGroup;
			children = (
				E1DE877619E242E129EEF4DC /* Pods-self-ios-sample.debug.xcconfig */,
				C3ABEF27CFFEB68A68C75C86 /* Pods-self-ios-sample.release.xcconfig */,
			);
			path = Pods;
			sourceTree = "<group>";
		};
/* End PBXGroup section */

/* Begin PBXNativeTarget section */
		714C43512AA85D7300F1BAEF /* self-ios-sample */ = {
			isa = PBXNativeTarget;
			buildConfigurationList = 714C43662AA85D7400F1BAEF /* Build configuration list for PBXNativeTarget "self-ios-sample" */;
			buildPhases = (
				4DFBBF00CD8BDFBF1B142C9A /* [CP] Check Pods Manifest.lock */,
				714C434E2AA85D7300F1BAEF /* Sources */,
				714C434F2AA85D7300F1BAEF /* Frameworks */,
				714C43502AA85D7300F1BAEF /* Resources */,
				714C43812AA86AA900F1BAEF /* Embed Frameworks */,
				B531C9F56842CF45A4EB0BF9 /* [CP] Embed Pods Frameworks */,
				91BFDD691F6DDD0B9A6084E7 /* [CP] Copy Pods Resources */,
			);
			buildRules = (
			);
			dependencies = (
			);
			name = "self-ios-sample";
			packageProductDependencies = (
				634907DD2BAC414B00BE8D18 /* SSSSwift */,
				634907E02BAC451F00BE8D18 /* ZIPFoundation */,
			);
			productName = "self-ios-sample";
			productReference = 714C43522AA85D7300F1BAEF /* self-ios-sample.app */;
			productType = "com.apple.product-type.application";
		};
/* End PBXNativeTarget section */

/* Begin PBXProject section */
		714C434A2AA85D7300F1BAEF /* Project object */ = {
			isa = PBXProject;
			attributes = {
				BuildIndependentTargetsInParallel = 1;
				LastSwiftUpdateCheck = 1430;
				LastUpgradeCheck = 1430;
				TargetAttributes = {
					714C43512AA85D7300F1BAEF = {
						CreatedOnToolsVersion = 14.3.1;
					};
				};
			};
			buildConfigurationList = 714C434D2AA85D7300F1BAEF /* Build configuration list for PBXProject "self-ios-sample" */;
			compatibilityVersion = "Xcode 14.0";
			developmentRegion = en;
			hasScannedForEncodings = 0;
			knownRegions = (
				en,
				Base,
			);
			mainGroup = 714C43492AA85D7300F1BAEF;
			packageReferences = (
				634907DC2BAC414B00BE8D18 /* XCRemoteSwiftPackageReference "sss-swift" */,
				634907DF2BAC451F00BE8D18 /* XCRemoteSwiftPackageReference "ZIPFoundation" */,
			);
			productRefGroup = 714C43532AA85D7300F1BAEF /* Products */;
			projectDirPath = "";
			projectRoot = "";
			targets = (
				714C43512AA85D7300F1BAEF /* self-ios-sample */,
			);
		};
/* End PBXProject section */

/* Begin PBXResourcesBuildPhase section */
		714C43502AA85D7300F1BAEF /* Resources */ = {
			isa = PBXResourcesBuildPhase;
			buildActionMask = 2147483647;
			files = (
				714C43622AA85D7400F1BAEF /* LaunchScreen.storyboard in Resources */,
				714C43862AA8855700F1BAEF /* Localizable.strings in Resources */,
				714C435F2AA85D7400F1BAEF /* Assets.xcassets in Resources */,
				714C435D2AA85D7300F1BAEF /* Main.storyboard in Resources */,
			);
			runOnlyForDeploymentPostprocessing = 0;
		};
/* End PBXResourcesBuildPhase section */

/* Begin PBXShellScriptBuildPhase section */
		4DFBBF00CD8BDFBF1B142C9A /* [CP] Check Pods Manifest.lock */ = {
			isa = PBXShellScriptBuildPhase;
			buildActionMask = 2147483647;
			files = (
			);
			inputFileListPaths = (
			);
			inputPaths = (
				"${PODS_PODFILE_DIR_PATH}/Podfile.lock",
				"${PODS_ROOT}/Manifest.lock",
			);
			name = "[CP] Check Pods Manifest.lock";
			outputFileListPaths = (
			);
			outputPaths = (
				"$(DERIVED_FILE_DIR)/Pods-self-ios-sample-checkManifestLockResult.txt",
			);
			runOnlyForDeploymentPostprocessing = 0;
			shellPath = /bin/sh;
			shellScript = "diff \"${PODS_PODFILE_DIR_PATH}/Podfile.lock\" \"${PODS_ROOT}/Manifest.lock\" > /dev/null\nif [ $? != 0 ] ; then\n    # print error to STDERR\n    echo \"error: The sandbox is not in sync with the Podfile.lock. Run 'pod install' or update your CocoaPods installation.\" >&2\n    exit 1\nfi\n# This output is used by Xcode 'outputs' to avoid re-running this script phase.\necho \"SUCCESS\" > \"${SCRIPT_OUTPUT_FILE_0}\"\n";
			showEnvVarsInLog = 0;
		};
		91BFDD691F6DDD0B9A6084E7 /* [CP] Copy Pods Resources */ = {
			isa = PBXShellScriptBuildPhase;
			buildActionMask = 2147483647;
			files = (
			);
			inputFileListPaths = (
				"${PODS_ROOT}/Target Support Files/Pods-self-ios-sample/Pods-self-ios-sample-resources-${CONFIGURATION}-input-files.xcfilelist",
			);
			name = "[CP] Copy Pods Resources";
			outputFileListPaths = (
				"${PODS_ROOT}/Target Support Files/Pods-self-ios-sample/Pods-self-ios-sample-resources-${CONFIGURATION}-output-files.xcfilelist",
			);
			runOnlyForDeploymentPostprocessing = 0;
			shellPath = /bin/sh;
			shellScript = "\"${PODS_ROOT}/Target Support Files/Pods-self-ios-sample/Pods-self-ios-sample-resources.sh\"\n";
			showEnvVarsInLog = 0;
		};
		B531C9F56842CF45A4EB0BF9 /* [CP] Embed Pods Frameworks */ = {
			isa = PBXShellScriptBuildPhase;
			buildActionMask = 2147483647;
			files = (
			);
			inputFileListPaths = (
				"${PODS_ROOT}/Target Support Files/Pods-self-ios-sample/Pods-self-ios-sample-frameworks-${CONFIGURATION}-input-files.xcfilelist",
			);
			name = "[CP] Embed Pods Frameworks";
			outputFileListPaths = (
				"${PODS_ROOT}/Target Support Files/Pods-self-ios-sample/Pods-self-ios-sample-frameworks-${CONFIGURATION}-output-files.xcfilelist",
			);
			runOnlyForDeploymentPostprocessing = 0;
			shellPath = /bin/sh;
			shellScript = "\"${PODS_ROOT}/Target Support Files/Pods-self-ios-sample/Pods-self-ios-sample-frameworks.sh\"\n";
			showEnvVarsInLog = 0;
		};
/* End PBXShellScriptBuildPhase section */

/* Begin PBXSourcesBuildPhase section */
		714C434E2AA85D7300F1BAEF /* Sources */ = {
			isa = PBXSourcesBuildPhase;
			buildActionMask = 2147483647;
			files = (
				714C43962AA897F400F1BAEF /* AppStoryboard.swift in Sources */,
				714C438C2AA8872000F1BAEF /* EZSwiftFunctions.swift in Sources */,
				714414402AA97127002EF2CA /* PermissionHelper.swift in Sources */,
				714414442AA971F7002EF2CA /* DialogHelper.swift in Sources */,
				637BB8332ACC1C1800A304A1 /* ChatView.swift in Sources */,
				714C438A2AA8869300F1BAEF /* Extensions.swift in Sources */,
				714414422AA971B0002EF2CA /* SelfError.swift in Sources */,
				637BB8382ACC293800A304A1 /* MessageModelSample.swift in Sources */,
				714C435A2AA85D7300F1BAEF /* ViewController.swift in Sources */,
				714C43562AA85D7300F1BAEF /* AppDelegate.swift in Sources */,
				637BB8352ACC290400A304A1 /* ChatRow.swift in Sources */,
				714C43752AA8667600F1BAEF /* LivenessCheckViewController.swift in Sources */,
				714C43942AA88DDD00F1BAEF /* UIUtilities.swift in Sources */,
				637BB83A2ACC295800A304A1 /* ChatViewModel.swift in Sources */,
				714C43582AA85D7300F1BAEF /* SceneDelegate.swift in Sources */,
			);
			runOnlyForDeploymentPostprocessing = 0;
		};
/* End PBXSourcesBuildPhase section */

/* Begin PBXVariantGroup section */
		714C435B2AA85D7300F1BAEF /* Main.storyboard */ = {
			isa = PBXVariantGroup;
			children = (
				714C435C2AA85D7300F1BAEF /* Base */,
			);
			name = Main.storyboard;
			sourceTree = "<group>";
		};
		714C43602AA85D7400F1BAEF /* LaunchScreen.storyboard */ = {
			isa = PBXVariantGroup;
			children = (
				714C43612AA85D7400F1BAEF /* Base */,
			);
			name = LaunchScreen.storyboard;
			sourceTree = "<group>";
		};
		714C43882AA8855700F1BAEF /* Localizable.strings */ = {
			isa = PBXVariantGroup;
			children = (
				714C43872AA8855700F1BAEF /* en */,
			);
			name = Localizable.strings;
			sourceTree = "<group>";
		};
/* End PBXVariantGroup section */

/* Begin XCBuildConfiguration section */
		714C43642AA85D7400F1BAEF /* Debug */ = {
			isa = XCBuildConfiguration;
			buildSettings = {
				ALWAYS_SEARCH_USER_PATHS = NO;
				CLANG_ANALYZER_NONNULL = YES;
				CLANG_ANALYZER_NUMBER_OBJECT_CONVERSION = YES_AGGRESSIVE;
				CLANG_CXX_LANGUAGE_STANDARD = "gnu++20";
				CLANG_ENABLE_MODULES = YES;
				CLANG_ENABLE_OBJC_ARC = YES;
				CLANG_ENABLE_OBJC_WEAK = YES;
				CLANG_WARN_BLOCK_CAPTURE_AUTORELEASING = YES;
				CLANG_WARN_BOOL_CONVERSION = YES;
				CLANG_WARN_COMMA = YES;
				CLANG_WARN_CONSTANT_CONVERSION = YES;
				CLANG_WARN_DEPRECATED_OBJC_IMPLEMENTATIONS = YES;
				CLANG_WARN_DIRECT_OBJC_ISA_USAGE = YES_ERROR;
				CLANG_WARN_DOCUMENTATION_COMMENTS = YES;
				CLANG_WARN_EMPTY_BODY = YES;
				CLANG_WARN_ENUM_CONVERSION = YES;
				CLANG_WARN_INFINITE_RECURSION = YES;
				CLANG_WARN_INT_CONVERSION = YES;
				CLANG_WARN_NON_LITERAL_NULL_CONVERSION = YES;
				CLANG_WARN_OBJC_IMPLICIT_RETAIN_SELF = YES;
				CLANG_WARN_OBJC_LITERAL_CONVERSION = YES;
				CLANG_WARN_OBJC_ROOT_CLASS = YES_ERROR;
				CLANG_WARN_QUOTED_INCLUDE_IN_FRAMEWORK_HEADER = YES;
				CLANG_WARN_RANGE_LOOP_ANALYSIS = YES;
				CLANG_WARN_STRICT_PROTOTYPES = YES;
				CLANG_WARN_SUSPICIOUS_MOVE = YES;
				CLANG_WARN_UNGUARDED_AVAILABILITY = YES_AGGRESSIVE;
				CLANG_WARN_UNREACHABLE_CODE = YES;
				CLANG_WARN__DUPLICATE_METHOD_MATCH = YES;
				COPY_PHASE_STRIP = NO;
				DEBUG_INFORMATION_FORMAT = dwarf;
				ENABLE_STRICT_OBJC_MSGSEND = YES;
				ENABLE_TESTABILITY = YES;
				GCC_C_LANGUAGE_STANDARD = gnu11;
				GCC_DYNAMIC_NO_PIC = NO;
				GCC_NO_COMMON_BLOCKS = YES;
				GCC_OPTIMIZATION_LEVEL = 0;
				GCC_PREPROCESSOR_DEFINITIONS = (
					"DEBUG=1",
					"$(inherited)",
				);
				GCC_WARN_64_TO_32_BIT_CONVERSION = YES;
				GCC_WARN_ABOUT_RETURN_TYPE = YES_ERROR;
				GCC_WARN_UNDECLARED_SELECTOR = YES;
				GCC_WARN_UNINITIALIZED_AUTOS = YES_AGGRESSIVE;
				GCC_WARN_UNUSED_FUNCTION = YES;
				GCC_WARN_UNUSED_VARIABLE = YES;
				IPHONEOS_DEPLOYMENT_TARGET = 16.4;
				MTL_ENABLE_DEBUG_INFO = INCLUDE_SOURCE;
				MTL_FAST_MATH = YES;
				ONLY_ACTIVE_ARCH = YES;
				SDKROOT = iphoneos;
				SWIFT_ACTIVE_COMPILATION_CONDITIONS = DEBUG;
				SWIFT_OPTIMIZATION_LEVEL = "-Onone";
			};
			name = Debug;
		};
		714C43652AA85D7400F1BAEF /* Release */ = {
			isa = XCBuildConfiguration;
			buildSettings = {
				ALWAYS_SEARCH_USER_PATHS = NO;
				CLANG_ANALYZER_NONNULL = YES;
				CLANG_ANALYZER_NUMBER_OBJECT_CONVERSION = YES_AGGRESSIVE;
				CLANG_CXX_LANGUAGE_STANDARD = "gnu++20";
				CLANG_ENABLE_MODULES = YES;
				CLANG_ENABLE_OBJC_ARC = YES;
				CLANG_ENABLE_OBJC_WEAK = YES;
				CLANG_WARN_BLOCK_CAPTURE_AUTORELEASING = YES;
				CLANG_WARN_BOOL_CONVERSION = YES;
				CLANG_WARN_COMMA = YES;
				CLANG_WARN_CONSTANT_CONVERSION = YES;
				CLANG_WARN_DEPRECATED_OBJC_IMPLEMENTATIONS = YES;
				CLANG_WARN_DIRECT_OBJC_ISA_USAGE = YES_ERROR;
				CLANG_WARN_DOCUMENTATION_COMMENTS = YES;
				CLANG_WARN_EMPTY_BODY = YES;
				CLANG_WARN_ENUM_CONVERSION = YES;
				CLANG_WARN_INFINITE_RECURSION = YES;
				CLANG_WARN_INT_CONVERSION = YES;
				CLANG_WARN_NON_LITERAL_NULL_CONVERSION = YES;
				CLANG_WARN_OBJC_IMPLICIT_RETAIN_SELF = YES;
				CLANG_WARN_OBJC_LITERAL_CONVERSION = YES;
				CLANG_WARN_OBJC_ROOT_CLASS = YES_ERROR;
				CLANG_WARN_QUOTED_INCLUDE_IN_FRAMEWORK_HEADER = YES;
				CLANG_WARN_RANGE_LOOP_ANALYSIS = YES;
				CLANG_WARN_STRICT_PROTOTYPES = YES;
				CLANG_WARN_SUSPICIOUS_MOVE = YES;
				CLANG_WARN_UNGUARDED_AVAILABILITY = YES_AGGRESSIVE;
				CLANG_WARN_UNREACHABLE_CODE = YES;
				CLANG_WARN__DUPLICATE_METHOD_MATCH = YES;
				COPY_PHASE_STRIP = NO;
				DEBUG_INFORMATION_FORMAT = "dwarf-with-dsym";
				ENABLE_NS_ASSERTIONS = NO;
				ENABLE_STRICT_OBJC_MSGSEND = YES;
				GCC_C_LANGUAGE_STANDARD = gnu11;
				GCC_NO_COMMON_BLOCKS = YES;
				GCC_WARN_64_TO_32_BIT_CONVERSION = YES;
				GCC_WARN_ABOUT_RETURN_TYPE = YES_ERROR;
				GCC_WARN_UNDECLARED_SELECTOR = YES;
				GCC_WARN_UNINITIALIZED_AUTOS = YES_AGGRESSIVE;
				GCC_WARN_UNUSED_FUNCTION = YES;
				GCC_WARN_UNUSED_VARIABLE = YES;
				IPHONEOS_DEPLOYMENT_TARGET = 16.4;
				MTL_ENABLE_DEBUG_INFO = NO;
				MTL_FAST_MATH = YES;
				SDKROOT = iphoneos;
				SWIFT_COMPILATION_MODE = wholemodule;
				SWIFT_OPTIMIZATION_LEVEL = "-O";
				VALIDATE_PRODUCT = YES;
			};
			name = Release;
		};
		714C43672AA85D7400F1BAEF /* Debug */ = {
			isa = XCBuildConfiguration;
			baseConfigurationReference = E1DE877619E242E129EEF4DC /* Pods-self-ios-sample.debug.xcconfig */;
			buildSettings = {
				ASSETCATALOG_COMPILER_APPICON_NAME = AppIcon;
				ASSETCATALOG_COMPILER_GLOBAL_ACCENT_COLOR_NAME = AccentColor;
				CODE_SIGN_IDENTITY = "Apple Development";
				CODE_SIGN_STYLE = Automatic;
				CURRENT_PROJECT_VERSION = 1;
				DEVELOPMENT_TEAM = B233VZ3W3Z;
				GENERATE_INFOPLIST_FILE = YES;
				INFOPLIST_FILE = "self-ios-sample/Info.plist";
				INFOPLIST_KEY_CFBundleDisplayName = "Chat - Self SDK Sample";
				INFOPLIST_KEY_NSCameraUsageDescription = "Turning on the camera allows us to ensure it's only you using Self";
				INFOPLIST_KEY_NSLocationAlwaysAndWhenInUseUsageDescription = "Use location to improve experience";
				INFOPLIST_KEY_NSLocationAlwaysUsageDescription = "Use location to improve experience";
				INFOPLIST_KEY_NSLocationWhenInUseUsageDescription = "Use location to improve experience";
				INFOPLIST_KEY_UIApplicationSupportsIndirectInputEvents = YES;
				INFOPLIST_KEY_UILaunchStoryboardName = LaunchScreen;
				INFOPLIST_KEY_UIMainStoryboardFile = Main;
				INFOPLIST_KEY_UISupportedInterfaceOrientations_iPad = "UIInterfaceOrientationPortrait UIInterfaceOrientationPortraitUpsideDown UIInterfaceOrientationLandscapeLeft UIInterfaceOrientationLandscapeRight";
				INFOPLIST_KEY_UISupportedInterfaceOrientations_iPhone = "UIInterfaceOrientationPortrait UIInterfaceOrientationLandscapeLeft UIInterfaceOrientationLandscapeRight";
				IPHONEOS_DEPLOYMENT_TARGET = 16.0;
				LD_RUNPATH_SEARCH_PATHS = (
					"$(inherited)",
					"@executable_path/Frameworks",
				);
				MARKETING_VERSION = 1.0;
				PRODUCT_BUNDLE_IDENTIFIER = com.joinself.sdk.sample.chat;
				PRODUCT_NAME = "$(TARGET_NAME)";
				PROVISIONING_PROFILE_SPECIFIER = "";
				SUPPORTED_PLATFORMS = "iphoneos iphonesimulator";
				SUPPORTS_MACCATALYST = NO;
				SUPPORTS_MAC_DESIGNED_FOR_IPHONE_IPAD = YES;
				SUPPORTS_XR_DESIGNED_FOR_IPHONE_IPAD = NO;
				SWIFT_EMIT_LOC_STRINGS = YES;
				SWIFT_VERSION = 5.0;
				TARGETED_DEVICE_FAMILY = 1;
			};
			name = Debug;
		};
		714C43682AA85D7400F1BAEF /* Release */ = {
			isa = XCBuildConfiguration;
			baseConfigurationReference = C3ABEF27CFFEB68A68C75C86 /* Pods-self-ios-sample.release.xcconfig */;
			buildSettings = {
				ASSETCATALOG_COMPILER_APPICON_NAME = AppIcon;
				ASSETCATALOG_COMPILER_GLOBAL_ACCENT_COLOR_NAME = AccentColor;
				CODE_SIGN_IDENTITY = "Apple Development";
				CODE_SIGN_STYLE = Automatic;
				CURRENT_PROJECT_VERSION = 1;
				DEVELOPMENT_TEAM = B233VZ3W3Z;
				GENERATE_INFOPLIST_FILE = YES;
				INFOPLIST_FILE = "self-ios-sample/Info.plist";
				INFOPLIST_KEY_CFBundleDisplayName = "Chat - Self SDK Sample";
				INFOPLIST_KEY_NSCameraUsageDescription = "Turning on the camera allows us to ensure it's only you using Self";
				INFOPLIST_KEY_NSLocationAlwaysAndWhenInUseUsageDescription = "Use location to improve experience";
				INFOPLIST_KEY_NSLocationAlwaysUsageDescription = "Use location to improve experience";
				INFOPLIST_KEY_NSLocationWhenInUseUsageDescription = "Use location to improve experience";
				INFOPLIST_KEY_UIApplicationSupportsIndirectInputEvents = YES;
				INFOPLIST_KEY_UILaunchStoryboardName = LaunchScreen;
				INFOPLIST_KEY_UIMainStoryboardFile = Main;
				INFOPLIST_KEY_UISupportedInterfaceOrientations_iPad = "UIInterfaceOrientationPortrait UIInterfaceOrientationPortraitUpsideDown UIInterfaceOrientationLandscapeLeft UIInterfaceOrientationLandscapeRight";
				INFOPLIST_KEY_UISupportedInterfaceOrientations_iPhone = "UIInterfaceOrientationPortrait UIInterfaceOrientationLandscapeLeft UIInterfaceOrientationLandscapeRight";
				IPHONEOS_DEPLOYMENT_TARGET = 16.0;
				LD_RUNPATH_SEARCH_PATHS = (
					"$(inherited)",
					"@executable_path/Frameworks",
				);
				MARKETING_VERSION = 1.0;
				PRODUCT_BUNDLE_IDENTIFIER = com.joinself.sdk.sample.chat;
				PRODUCT_NAME = "$(TARGET_NAME)";
				PROVISIONING_PROFILE_SPECIFIER = "";
				SUPPORTED_PLATFORMS = "iphoneos iphonesimulator";
				SUPPORTS_MACCATALYST = NO;
				SUPPORTS_MAC_DESIGNED_FOR_IPHONE_IPAD = YES;
				SUPPORTS_XR_DESIGNED_FOR_IPHONE_IPAD = NO;
				SWIFT_EMIT_LOC_STRINGS = YES;
				SWIFT_VERSION = 5.0;
				TARGETED_DEVICE_FAMILY = 1;
			};
			name = Release;
		};
/* End XCBuildConfiguration section */

/* Begin XCConfigurationList section */
		714C434D2AA85D7300F1BAEF /* Build configuration list for PBXProject "self-ios-sample" */ = {
			isa = XCConfigurationList;
			buildConfigurations = (
				714C43642AA85D7400F1BAEF /* Debug */,
				714C43652AA85D7400F1BAEF /* Release */,
			);
			defaultConfigurationIsVisible = 0;
			defaultConfigurationName = Release;
		};
		714C43662AA85D7400F1BAEF /* Build configuration list for PBXNativeTarget "self-ios-sample" */ = {
			isa = XCConfigurationList;
			buildConfigurations = (
				714C43672AA85D7400F1BAEF /* Debug */,
				714C43682AA85D7400F1BAEF /* Release */,
			);
			defaultConfigurationIsVisible = 0;
			defaultConfigurationName = Release;
		};
/* End XCConfigurationList section */

/* Begin XCRemoteSwiftPackageReference section */
		634907DC2BAC414B00BE8D18 /* XCRemoteSwiftPackageReference "sss-swift" */ = {
			isa = XCRemoteSwiftPackageReference;
			repositoryURL = "https://github.com/joinself/sss-swift.git";
			requirement = {
				branch = master;
				kind = branch;
			};
		};
		634907DF2BAC451F00BE8D18 /* XCRemoteSwiftPackageReference "ZIPFoundation" */ = {
			isa = XCRemoteSwiftPackageReference;
			repositoryURL = "https://github.com/weichsel/ZIPFoundation.git";
			requirement = {
				kind = upToNextMajorVersion;
				minimumVersion = 0.9.18;
			};
		};
/* End XCRemoteSwiftPackageReference section */

/* Begin XCSwiftPackageProductDependency section */
		634907DD2BAC414B00BE8D18 /* SSSSwift */ = {
			isa = XCSwiftPackageProductDependency;
			package = 634907DC2BAC414B00BE8D18 /* XCRemoteSwiftPackageReference "sss-swift" */;
			productName = SSSSwift;
		};
		634907E02BAC451F00BE8D18 /* ZIPFoundation */ = {
			isa = XCSwiftPackageProductDependency;
			package = 634907DF2BAC451F00BE8D18 /* XCRemoteSwiftPackageReference "ZIPFoundation" */;
			productName = ZIPFoundation;
		};
/* End XCSwiftPackageProductDependency section */
	};
	rootObject = 714C434A2AA85D7300F1BAEF /* Project object */;
}
